
Microsoft Visual Studio Solution File, Format Version 12.00
# Visual Studio Version 16
VisualStudioVersion = 16.0.29613.14
MinimumVisualStudioVersion = 10.0.40219.1
Project("{888888A0-9F3D-457C-B088-3A5042F75D52}") = "FlaskWebProject1", "FlaskWebProject1\FlaskWebProject1.pyproj", "{1A4141F8-2A7D-4BB1-8826-88E724102781}"
EndProject
Global
	GlobalSection(SolutionConfigurationPlatforms) = preSolution
		Debug|Any CPU = Debug|Any CPU
		Release|Any CPU = Release|Any CPU
	EndGlobalSection
	GlobalSection(ProjectConfigurationPlatforms) = postSolution
		{1A4141F8-2A7D-4BB1-8826-88E724102781}.Debug|Any CPU.ActiveCfg = Debug|Any CPU
		{1A4141F8-2A7D-4BB1-8826-88E724102781}.Debug|Any CPU.Build.0 = Debug|Any CPU
		{1A4141F8-2A7D-4BB1-8826-88E724102781}.Release|Any CPU.ActiveCfg = Release|Any CPU
		{1A4141F8-2A7D-4BB1-8826-88E724102781}.Release|Any CPU.Build.0 = Release|Any CPU
	EndGlobalSection
	GlobalSection(SolutionProperties) = preSolution
		HideSolutionNode = FALSE
	EndGlobalSection
	GlobalSection(ExtensibilityGlobals) = postSolution
		SolutionGuid = {F15AC3B0-0F0D-4399-BFFA-FA8B3FA56C6E}
	EndGlobalSection
EndGlobal
